
Microsoft Visual Studio Solution File, Format Version 12.00
# Visual Studio 14
VisualStudioVersion = 14.0.25420.1
MinimumVisualStudioVersion = 10.0.40219.1
Project("{FAE04EC0-301F-11D3-BF4B-00C04F79EFBC}") = "CDTY.BasicDataManagement.UI", "CDTY.BasicDataManagement.UI\CDTY.BasicDataManagement.UI.csproj", "{5AE01AE4-B48E-457B-9017-AC715CD0002C}"
EndProject
Project("{FAE04EC0-301F-11D3-BF4B-00C04F79EFBC}") = "CDTY.BasicDataManagement.Model", "CDTY.BasicDataManagement.Model\CDTY.BasicDataManagement.Model.csproj", "{A17FC835-2C6F-4043-B58C-FE837B668BD1}"
EndProject
Project("{FAE04EC0-301F-11D3-BF4B-00C04F79EFBC}") = "CDTY.BasicDataManagement.Common", "CDTY.BasicDataManagement.Common\CDTY.BasicDataManagement.Common.csproj", "{C1DE09CC-E99D-4D28-B228-BCFE11524306}"
EndProject
Project("{FAE04EC0-301F-11D3-BF4B-00C04F79EFBC}") = "CDTY.BasicDataManagement.DAL", "CDTY.BasicDataManagement.DAL\CDTY.BasicDataManagement.DAL.csproj", "{3A09B641-0B9A-4D12-B556-60AB5CE4732F}"
EndProject
Global
	GlobalSection(SolutionConfigurationPlatforms) = preSolution
		Debug|Any CPU = Debug|Any CPU
		Release|Any CPU = Release|Any CPU
	EndGlobalSection
	GlobalSection(ProjectConfigurationPlatforms) = postSolution
		{5AE01AE4-B48E-457B-9017-AC715CD0002C}.Debug|Any CPU.ActiveCfg = Debug|Any CPU
		{5AE01AE4-B48E-457B-9017-AC715CD0002C}.Debug|Any CPU.Build.0 = Debug|Any CPU
		{5AE01AE4-B48E-457B-9017-AC715CD0002C}.Release|Any CPU.ActiveCfg = Release|Any CPU
		{5AE01AE4-B48E-457B-9017-AC715CD0002C}.Release|Any CPU.Build.0 = Release|Any CPU
		{A17FC835-2C6F-4043-B58C-FE837B668BD1}.Debug|Any CPU.ActiveCfg = Debug|Any CPU
		{A17FC835-2C6F-4043-B58C-FE837B668BD1}.Debug|Any CPU.Build.0 = Debug|Any CPU
		{A17FC835-2C6F-4043-B58C-FE837B668BD1}.Release|Any CPU.ActiveCfg = Release|Any CPU
		{A17FC835-2C6F-4043-B58C-FE837B668BD1}.Release|Any CPU.Build.0 = Release|Any CPU
		{C1DE09CC-E99D-4D28-B228-BCFE11524306}.Debug|Any CPU.ActiveCfg = Debug|Any CPU
		{C1DE09CC-E99D-4D28-B228-BCFE11524306}.Debug|Any CPU.Build.0 = Debug|Any CPU
		{C1DE09CC-E99D-4D28-B228-BCFE11524306}.Release|Any CPU.ActiveCfg = Release|Any CPU
		{C1DE09CC-E99D-4D28-B228-BCFE11524306}.Release|Any CPU.Build.0 = Release|Any CPU
		{3A09B641-0B9A-4D12-B556-60AB5CE4732F}.Debug|Any CPU.ActiveCfg = Debug|Any CPU
		{3A09B641-0B9A-4D12-B556-60AB5CE4732F}.Debug|Any CPU.Build.0 = Debug|Any CPU
		{3A09B641-0B9A-4D12-B556-60AB5CE4732F}.Release|Any CPU.ActiveCfg = Release|Any CPU
		{3A09B641-0B9A-4D12-B556-60AB5CE4732F}.Release|Any CPU.Build.0 = Release|Any CPU
	EndGlobalSection
	GlobalSection(SolutionProperties) = preSolution
		HideSolutionNode = FALSE
	EndGlobalSection
EndGlobal
